
Microsoft Visual Studio Solution File, Format Version 12.00
# Visual Studio Version 16
VisualStudioVersion = 16.0.33027.164
MinimumVisualStudioVersion = 10.0.40219.1
Project("{FAE04EC0-301F-11D3-BF4B-00C04F79EFBC}") = "dotnet-auth", "dotnet-auth\dotnet-auth.csproj", "{7E7B28FC-383E-4A42-8E70-0453A9E81F6F}"
EndProject
Global
	GlobalSection(SolutionConfigurationPlatforms) = preSolution
		Debug|Any CPU = Debug|Any CPU
		Release|Any CPU = Release|Any CPU
	EndGlobalSection
	GlobalSection(ProjectConfigurationPlatforms) = postSolution
		{7E7B28FC-383E-4A42-8E70-0453A9E81F6F}.Debug|Any CPU.ActiveCfg = Debug|Any CPU
		{7E7B28FC-383E-4A42-8E70-0453A9E81F6F}.Debug|Any CPU.Build.0 = Debug|Any CPU
		{7E7B28FC-383E-4A42-8E70-0453A9E81F6F}.Release|Any CPU.ActiveCfg = Release|Any CPU
		{7E7B28FC-383E-4A42-8E70-0453A9E81F6F}.Release|Any CPU.Build.0 = Release|Any CPU
	EndGlobalSection
	GlobalSection(SolutionProperties) = preSolution
		HideSolutionNode = FALSE
	EndGlobalSection
	GlobalSection(ExtensibilityGlobals) = postSolution
		SolutionGuid = {82B9B3E2-5336-48C3-BBF1-E4366C8B8655}
	EndGlobalSection
EndGlobal
